
Microsoft Visual Studio Solution File, Format Version 12.00
# Visual Studio 14
VisualStudioVersion = 14.0.24720.0
MinimumVisualStudioVersion = 10.0.40219.1
Project("{FAE04EC0-301F-11D3-BF4B-00C04F79EFBC}") = "NetworkStuff", "NetworkStuff\NetworkStuff.csproj", "{1CC21C8B-E4C5-4CA0-914B-F7F0CF0D656E}"
EndProject
Project("{FAE04EC0-301F-11D3-BF4B-00C04F79EFBC}") = "NetworkStuff.Tests", "NetworkStuff.Tests\NetworkStuff.Tests.csproj", "{693D5D42-096C-4D18-A01E-46AD5E3DBD56}"
EndProject
Project("{FAE04EC0-301F-11D3-BF4B-00C04F79EFBC}") = "HostExemple", "HostExemple\HostExemple.csproj", "{723C7944-6FDC-4D6D-B221-CE4CBBC1DF2A}"
EndProject
Project("{FAE04EC0-301F-11D3-BF4B-00C04F79EFBC}") = "ClientExemple", "ClientExemple\ClientExemple.csproj", "{4A594D47-3FED-4B4C-9DE1-C51D0C47738F}"
EndProject
Project("{FAE04EC0-301F-11D3-BF4B-00C04F79EFBC}") = "Common", "Common\Common.csproj", "{0E562E9C-75FC-43EF-A9B8-2A6FF19F584F}"
EndProject
Project("{FAE04EC0-301F-11D3-BF4B-00C04F79EFBC}") = "UnitTest", "UnitTest\UnitTest.csproj", "{D8085151-46FF-4130-A79B-CD04386EE35D}"
EndProject
Global
	GlobalSection(SolutionConfigurationPlatforms) = preSolution
		Debug|Any CPU = Debug|Any CPU
		Release|Any CPU = Release|Any CPU
	EndGlobalSection
	GlobalSection(ProjectConfigurationPlatforms) = postSolution
		{1CC21C8B-E4C5-4CA0-914B-F7F0CF0D656E}.Debug|Any CPU.ActiveCfg = Debug|Any CPU
		{1CC21C8B-E4C5-4CA0-914B-F7F0CF0D656E}.Debug|Any CPU.Build.0 = Debug|Any CPU
		{1CC21C8B-E4C5-4CA0-914B-F7F0CF0D656E}.Release|Any CPU.ActiveCfg = Release|Any CPU
		{1CC21C8B-E4C5-4CA0-914B-F7F0CF0D656E}.Release|Any CPU.Build.0 = Release|Any CPU
		{693D5D42-096C-4D18-A01E-46AD5E3DBD56}.Debug|Any CPU.ActiveCfg = Debug|Any CPU
		{693D5D42-096C-4D18-A01E-46AD5E3DBD56}.Debug|Any CPU.Build.0 = Debug|Any CPU
		{693D5D42-096C-4D18-A01E-46AD5E3DBD56}.Release|Any CPU.ActiveCfg = Release|Any CPU
		{693D5D42-096C-4D18-A01E-46AD5E3DBD56}.Release|Any CPU.Build.0 = Release|Any CPU
		{723C7944-6FDC-4D6D-B221-CE4CBBC1DF2A}.Debug|Any CPU.ActiveCfg = Debug|Any CPU
		{723C7944-6FDC-4D6D-B221-CE4CBBC1DF2A}.Debug|Any CPU.Build.0 = Debug|Any CPU
		{723C7944-6FDC-4D6D-B221-CE4CBBC1DF2A}.Release|Any CPU.ActiveCfg = Release|Any CPU
		{723C7944-6FDC-4D6D-B221-CE4CBBC1DF2A}.Release|Any CPU.Build.0 = Release|Any CPU
		{4A594D47-3FED-4B4C-9DE1-C51D0C47738F}.Debug|Any CPU.ActiveCfg = Debug|Any CPU
		{4A594D47-3FED-4B4C-9DE1-C51D0C47738F}.Debug|Any CPU.Build.0 = Debug|Any CPU
		{4A594D47-3FED-4B4C-9DE1-C51D0C47738F}.Release|Any CPU.ActiveCfg = Release|Any CPU
		{4A594D47-3FED-4B4C-9DE1-C51D0C47738F}.Release|Any CPU.Build.0 = Release|Any CPU
		{0E562E9C-75FC-43EF-A9B8-2A6FF19F584F}.Debug|Any CPU.ActiveCfg = Debug|Any CPU
		{0E562E9C-75FC-43EF-A9B8-2A6FF19F584F}.Debug|Any CPU.Build.0 = Debug|Any CPU
		{0E562E9C-75FC-43EF-A9B8-2A6FF19F584F}.Release|Any CPU.ActiveCfg = Release|Any CPU
		{0E562E9C-75FC-43EF-A9B8-2A6FF19F584F}.Release|Any CPU.Build.0 = Release|Any CPU
		{D8085151-46FF-4130-A79B-CD04386EE35D}.Debug|Any CPU.ActiveCfg = Debug|Any CPU
		{D8085151-46FF-4130-A79B-CD04386EE35D}.Debug|Any CPU.Build.0 = Debug|Any CPU
		{D8085151-46FF-4130-A79B-CD04386EE35D}.Release|Any CPU.ActiveCfg = Release|Any CPU
		{D8085151-46FF-4130-A79B-CD04386EE35D}.Release|Any CPU.Build.0 = Release|Any CPU
	EndGlobalSection
	GlobalSection(SolutionProperties) = preSolution
		HideSolutionNode = FALSE
	EndGlobalSection
EndGlobal
