
Microsoft Visual Studio Solution File, Format Version 12.00
# Visual Studio 14
VisualStudioVersion = 14.0.24720.0
MinimumVisualStudioVersion = 10.0.40219.1
Project("{FAE04EC0-301F-11D3-BF4B-00C04F79EFBC}") = "NetworkStuff", "NetworkStuff\NetworkStuff.csproj", "{1CC21C8B-E4C5-4CA0-914B-F7F0CF0D656E}"
EndProject
Project("{FAE04EC0-301F-11D3-BF4B-00C04F79EFBC}") = "NetworkStuff.Tests", "NetworkStuff.Tests\NetworkStuff.Tests.csproj", "{693D5D42-096C-4D18-A01E-46AD5E3DBD56}"
EndProject
Project("{FAE04EC0-301F-11D3-BF4B-00C04F79EFBC}") = "HostExemple", "HostExemple\HostExemple.csproj", "{723C7944-6FDC-4D6D-B221-CE4CBBC1DF2A}"
EndProject
Project("{FAE04EC0-301F-11D3-BF4B-00C04F79EFBC}") = "ClientExemple", "ClientExemple\ClientExemple.csproj", "{4A594D47-3FED-4B4C-9DE1-C51D0C47738F}"
EndProject
Project("{FAE04EC0-301F-11D3-BF4B-00C04F79EFBC}") = "GameCore", "GameCore\GameCore.csproj", "{41613D44-686D-4710-A3DC-751DA6057985}"
EndProject
Project("{FAE04EC0-301F-11D3-BF4B-00C04F79EFBC}") = "GameCore.Tests", "GameCore.Tests\GameCore.Tests.csproj", "{E314F29F-2218-420B-A0E6-F92BAA729C7A}"
EndProject
Project("{F2A71F9B-5D33-465A-A702-920D77279786}") = "Commons", "GameCoreCommons\Commons.fsproj", "{AD64B8AF-994C-496F-B016-6E63D63C86B3}"
EndProject
Project("{F2A71F9B-5D33-465A-A702-920D77279786}") = "UnitTests", "UnitTests\UnitTests.fsproj", "{EF41266C-3B83-49EC-BEA9-E4B81E6A925A}"
EndProject
Global
	GlobalSection(SolutionConfigurationPlatforms) = preSolution
		Debug|Any CPU = Debug|Any CPU
		Release|Any CPU = Release|Any CPU
	EndGlobalSection
	GlobalSection(ProjectConfigurationPlatforms) = postSolution
		{1CC21C8B-E4C5-4CA0-914B-F7F0CF0D656E}.Debug|Any CPU.ActiveCfg = Debug|Any CPU
		{1CC21C8B-E4C5-4CA0-914B-F7F0CF0D656E}.Debug|Any CPU.Build.0 = Debug|Any CPU
		{1CC21C8B-E4C5-4CA0-914B-F7F0CF0D656E}.Release|Any CPU.ActiveCfg = Release|Any CPU
		{1CC21C8B-E4C5-4CA0-914B-F7F0CF0D656E}.Release|Any CPU.Build.0 = Release|Any CPU
		{693D5D42-096C-4D18-A01E-46AD5E3DBD56}.Debug|Any CPU.ActiveCfg = Debug|Any CPU
		{693D5D42-096C-4D18-A01E-46AD5E3DBD56}.Debug|Any CPU.Build.0 = Debug|Any CPU
		{693D5D42-096C-4D18-A01E-46AD5E3DBD56}.Release|Any CPU.ActiveCfg = Release|Any CPU
		{693D5D42-096C-4D18-A01E-46AD5E3DBD56}.Release|Any CPU.Build.0 = Release|Any CPU
		{723C7944-6FDC-4D6D-B221-CE4CBBC1DF2A}.Debug|Any CPU.ActiveCfg = Debug|Any CPU
		{723C7944-6FDC-4D6D-B221-CE4CBBC1DF2A}.Debug|Any CPU.Build.0 = Debug|Any CPU
		{723C7944-6FDC-4D6D-B221-CE4CBBC1DF2A}.Release|Any CPU.ActiveCfg = Release|Any CPU
		{723C7944-6FDC-4D6D-B221-CE4CBBC1DF2A}.Release|Any CPU.Build.0 = Release|Any CPU
		{4A594D47-3FED-4B4C-9DE1-C51D0C47738F}.Debug|Any CPU.ActiveCfg = Debug|Any CPU
		{4A594D47-3FED-4B4C-9DE1-C51D0C47738F}.Debug|Any CPU.Build.0 = Debug|Any CPU
		{4A594D47-3FED-4B4C-9DE1-C51D0C47738F}.Release|Any CPU.ActiveCfg = Release|Any CPU
		{4A594D47-3FED-4B4C-9DE1-C51D0C47738F}.Release|Any CPU.Build.0 = Release|Any CPU
		{41613D44-686D-4710-A3DC-751DA6057985}.Debug|Any CPU.ActiveCfg = Debug|Any CPU
		{41613D44-686D-4710-A3DC-751DA6057985}.Debug|Any CPU.Build.0 = Debug|Any CPU
		{41613D44-686D-4710-A3DC-751DA6057985}.Release|Any CPU.ActiveCfg = Release|Any CPU
		{41613D44-686D-4710-A3DC-751DA6057985}.Release|Any CPU.Build.0 = Release|Any CPU
		{E314F29F-2218-420B-A0E6-F92BAA729C7A}.Debug|Any CPU.ActiveCfg = Debug|Any CPU
		{E314F29F-2218-420B-A0E6-F92BAA729C7A}.Debug|Any CPU.Build.0 = Debug|Any CPU
		{E314F29F-2218-420B-A0E6-F92BAA729C7A}.Release|Any CPU.ActiveCfg = Release|Any CPU
		{E314F29F-2218-420B-A0E6-F92BAA729C7A}.Release|Any CPU.Build.0 = Release|Any CPU
		{AD64B8AF-994C-496F-B016-6E63D63C86B3}.Debug|Any CPU.ActiveCfg = Debug|Any CPU
		{AD64B8AF-994C-496F-B016-6E63D63C86B3}.Debug|Any CPU.Build.0 = Debug|Any CPU
		{AD64B8AF-994C-496F-B016-6E63D63C86B3}.Release|Any CPU.ActiveCfg = Release|Any CPU
		{AD64B8AF-994C-496F-B016-6E63D63C86B3}.Release|Any CPU.Build.0 = Release|Any CPU
		{EF41266C-3B83-49EC-BEA9-E4B81E6A925A}.Debug|Any CPU.ActiveCfg = Debug|Any CPU
		{EF41266C-3B83-49EC-BEA9-E4B81E6A925A}.Debug|Any CPU.Build.0 = Debug|Any CPU
		{EF41266C-3B83-49EC-BEA9-E4B81E6A925A}.Release|Any CPU.ActiveCfg = Release|Any CPU
		{EF41266C-3B83-49EC-BEA9-E4B81E6A925A}.Release|Any CPU.Build.0 = Release|Any CPU
	EndGlobalSection
	GlobalSection(SolutionProperties) = preSolution
		HideSolutionNode = FALSE
	EndGlobalSection
EndGlobal
